
Microsoft Visual Studio Solution File, Format Version 12.00
# Visual Studio 15
VisualStudioVersion = 15.0.28307.572
MinimumVisualStudioVersion = 10.0.40219.1
Project("{9A19103F-16F7-4668-BE54-9A1E7A4F7556}") = "Fiefdom", "Fiefdom.csproj", "{3024CA7A-8E9A-4681-8A70-D8CA465EBBBD}"
EndProject
Global
	GlobalSection(SolutionConfigurationPlatforms) = preSolution
		Debug|Any CPU = Debug|Any CPU
		Release|Any CPU = Release|Any CPU
	EndGlobalSection
	GlobalSection(ProjectConfigurationPlatforms) = postSolution
		{3024CA7A-8E9A-4681-8A70-D8CA465EBBBD}.Debug|Any CPU.ActiveCfg = Debug|Any CPU
		{3024CA7A-8E9A-4681-8A70-D8CA465EBBBD}.Debug|Any CPU.Build.0 = Debug|Any CPU
		{3024CA7A-8E9A-4681-8A70-D8CA465EBBBD}.Release|Any CPU.ActiveCfg = Release|Any CPU
		{3024CA7A-8E9A-4681-8A70-D8CA465EBBBD}.Release|Any CPU.Build.0 = Release|Any CPU
	EndGlobalSection
	GlobalSection(SolutionProperties) = preSolution
		HideSolutionNode = FALSE
	EndGlobalSection
	GlobalSection(ExtensibilityGlobals) = postSolution
		SolutionGuid = {A69BA631-A006-42C0-AD00-87785345E4E8}
	EndGlobalSection
EndGlobal
